
Microsoft Visual Studio Solution File, Format Version 12.00
# Visual Studio Version 17
VisualStudioVersion = 17.8.34330.188
MinimumVisualStudioVersion = 10.0.40219.1
Project("{FAE04EC0-301F-11D3-BF4B-00C04F79EFBC}") = "KokarevPR7", "KokarevPR7.csproj", "{790C7447-2C9B-4A89-BC67-F2413A43AF67}"
EndProject
Global
	GlobalSection(SolutionConfigurationPlatforms) = preSolution
		Debug|Any CPU = Debug|Any CPU
		Release|Any CPU = Release|Any CPU
	EndGlobalSection
	GlobalSection(ProjectConfigurationPlatforms) = postSolution
		{790C7447-2C9B-4A89-BC67-F2413A43AF67}.Debug|Any CPU.ActiveCfg = Debug|Any CPU
		{790C7447-2C9B-4A89-BC67-F2413A43AF67}.Debug|Any CPU.Build.0 = Debug|Any CPU
		{790C7447-2C9B-4A89-BC67-F2413A43AF67}.Release|Any CPU.ActiveCfg = Release|Any CPU
		{790C7447-2C9B-4A89-BC67-F2413A43AF67}.Release|Any CPU.Build.0 = Release|Any CPU
	EndGlobalSection
	GlobalSection(SolutionProperties) = preSolution
		HideSolutionNode = FALSE
	EndGlobalSection
	GlobalSection(ExtensibilityGlobals) = postSolution
		SolutionGuid = {AAF61F14-00BC-4193-8902-110FDDA81DF3}
	EndGlobalSection
EndGlobal
